{
	"name": "@igor.dvlpr/aria-compiler",
	"version": "1.0.0-alpha",
	"lockfileVersion": 3,
	"requires": true,
	"packages": {
		"": {
			"name": "@igor.dvlpr/aria-compiler",
			"version": "1.0.0-alpha",
			"license": "MIT",
			"dependencies": {
				"@igor.dvlpr/adblock-filter-counter": "^1.0.0",
				"@igor.dvlpr/keppo": "^1.1.0",
				"@igor.dvlpr/normalized-string": "^1.0.1",
				"@igor.dvlpr/zing": "^1.0.2"
			},
			"bin": {
				"aria": "dist/bin/aria.mjs"
			},
			"devDependencies": {
				"@types/node": "^18.0.0",
				"typescript": "^5.1.6"
			},
			"engines": {
				"node": ">=18.0"
			},
			"funding": {
				"url": "https://ko-fi.com/igorskyflyer"
			}
		},
		"node_modules/@igor.dvlpr/adblock-filter-counter": {
			"version": "1.0.0",
			"resolved": "https://registry.npmjs.org/@igor.dvlpr/adblock-filter-counter/-/adblock-filter-counter-1.0.0.tgz",
			"integrity": "sha512-wpDNlmykYet3Bi7eNmyyV9TP0rUgsNYJQCRylXxsO4me0gvcyH40Y1vNOQc4TLq+suQwroh0kCIGKRSvefEaCA==",
			"engines": {
				"node": ">=16.0"
			},
			"funding": {
				"url": "https://ko-fi.com/igorskyflyer"
			}
		},
		"node_modules/@igor.dvlpr/extendable-string": {
			"version": "1.0.0",
			"resolved": "https://registry.npmjs.org/@igor.dvlpr/extendable-string/-/extendable-string-1.0.0.tgz",
			"integrity": "sha512-qIb1bKB/+hL/HSDfcfxPJOiQnkeqASWkhHz8rY6RrMWJz8LGzF2DioWZ4fneHXnvIozhcDUqtR/XlvNn9Qy3WQ==",
			"engines": {
				"node": ">=16.0"
			},
			"funding": {
				"url": "https://ko-fi.com/igorskyflyer"
			}
		},
		"node_modules/@igor.dvlpr/keppo": {
			"version": "1.1.0",
			"resolved": "https://registry.npmjs.org/@igor.dvlpr/keppo/-/keppo-1.1.0.tgz",
			"integrity": "sha512-OkB6WBishuTtqiHmNMOxQ4ltqv/OCkV+tOmvjzlsqjTjR8bw86M9BMwHVnFTxnI2XJ+fwi1DC7EJ5H2H0RKgEg==",
			"engines": {
				"node": ">=12.17"
			}
		},
		"node_modules/@igor.dvlpr/normalized-string": {
			"version": "1.0.1",
			"resolved": "https://registry.npmjs.org/@igor.dvlpr/normalized-string/-/normalized-string-1.0.1.tgz",
			"integrity": "sha512-7drCle7lkkikmIBjTdUAWFqgoRkSmclA13i+3P1knPEvntAqDk1uZVyIVmoqC9IRFX69sRmjbxuces+WoDpr9Q==",
			"dependencies": {
				"@igor.dvlpr/extendable-string": "^1.0.0"
			},
			"engines": {
				"node": ">=16.0"
			},
			"funding": {
				"url": "https://ko-fi.com/igorskyflyer"
			}
		},
		"node_modules/@igor.dvlpr/zing": {
			"version": "1.0.2",
			"resolved": "https://registry.npmjs.org/@igor.dvlpr/zing/-/zing-1.0.2.tgz",
			"integrity": "sha512-iOqmNd41jYvRlJyogbLTOB48dFKXEa8dEOC1Cct9M3cbIZ++e9qhQjRjoWV0UEV9FT6OjNUgHfLi4Xc61zq/2g==",
			"engines": {
				"node": ">=12.17"
			}
		},
		"node_modules/@types/node": {
			"version": "18.16.19",
			"resolved": "https://registry.npmjs.org/@types/node/-/node-18.16.19.tgz",
			"integrity": "sha512-IXl7o+R9iti9eBW4Wg2hx1xQDig183jj7YLn8F7udNceyfkbn1ZxmzZXuak20gR40D7pIkIY1kYGx5VIGbaHKA==",
			"dev": true
		},
		"node_modules/typescript": {
			"version": "5.1.6",
			"resolved": "https://registry.npmjs.org/typescript/-/typescript-5.1.6.tgz",
			"integrity": "sha512-zaWCozRZ6DLEWAWFrVDz1H6FVXzUSfTy5FUMWsQlU8Ym5JP9eO4xkTIROFCQvhQf61z6O/G6ugw3SgAnvvm+HA==",
			"dev": true,
			"bin": {
				"tsc": "bin/tsc",
				"tsserver": "bin/tsserver"
			},
			"engines": {
				"node": ">=14.17"
			}
		}
	}
}
